
Microsoft Visual Studio Solution File, Format Version 12.00
# Visual Studio Version 17
VisualStudioVersion = 17.3.32929.385
MinimumVisualStudioVersion = 10.0.40219.1
Project("{8BC9CEB8-8B4A-11D0-8D11-00A0C91BC942}") = "Fourth_Task_Search_Trees", "Fourth_Task_Search_Trees\Fourth_Task_Search_Trees.vcxproj", "{E080BE0C-5A9E-4922-AB37-177970823FB7}"
EndProject
Global
	GlobalSection(SolutionConfigurationPlatforms) = preSolution
		Debug|x64 = Debug|x64
		Debug|x86 = Debug|x86
		Release|x64 = Release|x64
		Release|x86 = Release|x86
	EndGlobalSection
	GlobalSection(ProjectConfigurationPlatforms) = postSolution
		{E080BE0C-5A9E-4922-AB37-177970823FB7}.Debug|x64.ActiveCfg = Debug|x64
		{E080BE0C-5A9E-4922-AB37-177970823FB7}.Debug|x64.Build.0 = Debug|x64
		{E080BE0C-5A9E-4922-AB37-177970823FB7}.Debug|x86.ActiveCfg = Debug|Win32
		{E080BE0C-5A9E-4922-AB37-177970823FB7}.Debug|x86.Build.0 = Debug|Win32
		{E080BE0C-5A9E-4922-AB37-177970823FB7}.Release|x64.ActiveCfg = Release|x64
		{E080BE0C-5A9E-4922-AB37-177970823FB7}.Release|x64.Build.0 = Release|x64
		{E080BE0C-5A9E-4922-AB37-177970823FB7}.Release|x86.ActiveCfg = Release|Win32
		{E080BE0C-5A9E-4922-AB37-177970823FB7}.Release|x86.Build.0 = Release|Win32
	EndGlobalSection
	GlobalSection(SolutionProperties) = preSolution
		HideSolutionNode = FALSE
	EndGlobalSection
	GlobalSection(ExtensibilityGlobals) = postSolution
		SolutionGuid = {95D76ACF-3D70-483F-9E34-2B6F41E4D26D}
	EndGlobalSection
EndGlobal
